
Microsoft Visual Studio Solution File, Format Version 12.00
# Visual Studio Version 17
VisualStudioVersion = 17.3.32929.385
MinimumVisualStudioVersion = 10.0.40219.1
Project("{8BC9CEB8-8B4A-11D0-8D11-00A0C91BC942}") = "이코테", "이코테.vcxproj", "{A9469E73-4C58-4136-853F-82DBBE8239CD}"
EndProject
Global
	GlobalSection(SolutionConfigurationPlatforms) = preSolution
		Debug|x64 = Debug|x64
		Debug|x86 = Debug|x86
		Release|x64 = Release|x64
		Release|x86 = Release|x86
	EndGlobalSection
	GlobalSection(ProjectConfigurationPlatforms) = postSolution
		{A9469E73-4C58-4136-853F-82DBBE8239CD}.Debug|x64.ActiveCfg = Debug|x64
		{A9469E73-4C58-4136-853F-82DBBE8239CD}.Debug|x64.Build.0 = Debug|x64
		{A9469E73-4C58-4136-853F-82DBBE8239CD}.Debug|x86.ActiveCfg = Debug|Win32
		{A9469E73-4C58-4136-853F-82DBBE8239CD}.Debug|x86.Build.0 = Debug|Win32
		{A9469E73-4C58-4136-853F-82DBBE8239CD}.Release|x64.ActiveCfg = Release|x64
		{A9469E73-4C58-4136-853F-82DBBE8239CD}.Release|x64.Build.0 = Release|x64
		{A9469E73-4C58-4136-853F-82DBBE8239CD}.Release|x86.ActiveCfg = Release|Win32
		{A9469E73-4C58-4136-853F-82DBBE8239CD}.Release|x86.Build.0 = Release|Win32
	EndGlobalSection
	GlobalSection(SolutionProperties) = preSolution
		HideSolutionNode = FALSE
	EndGlobalSection
	GlobalSection(ExtensibilityGlobals) = postSolution
		SolutionGuid = {DFB27737-8106-43F9-B623-5F2534F7FA59}
	EndGlobalSection
EndGlobal
